PODS:
  - Cache (5.2.0)
  - DataSourcerer (0.1.0):
    - DataSourcerer/CollectionView (= 0.1.0)
    - DataSourcerer/Core (= 0.1.0)
    - DataSourcerer/List (= 0.1.0)
    - DataSourcerer/List-UIKit (= 0.1.0)
    - DataSourcerer/Persister-Cache (= 0.1.0)
    - DataSourcerer/TableView (= 0.1.0)
  - DataSourcerer/CollectionView (0.1.0):
    - DataSourcerer/List-UIKit
    - Dwifft (~> 0.9)
  - DataSourcerer/Core (0.1.0)
  - DataSourcerer/List (0.1.0):
    - DataSourcerer/Core
  - DataSourcerer/List-UIKit (0.1.0):
    - DataSourcerer/List
  - DataSourcerer/Persister-Cache (0.1.0):
    - Cache (~> 5.2.0)
    - DataSourcerer/Core
  - DataSourcerer/TableView (0.1.0):
    - DataSourcerer/List-UIKit
    - Dwifft (~> 0.9)
  - Dwifft (0.9)
  - Nimble (7.3.1)
  - Quick (1.3.2)
  - SwiftLint (0.29.1)

DEPENDENCIES:
  - DataSourcerer (from `../`)
  - Nimble (~> 7.3.1)
  - Quick (~> 1.3.2)
  - SwiftLint

SPEC REPOS:
  https://github.com/cocoapods/specs.git:
    - Cache
    - Dwifft
    - Nimble
    - Quick
    - SwiftLint

EXTERNAL SOURCES:
  DataSourcerer:
    :path: "../"

SPEC CHECKSUMS:
  Cache: 807c5d86d01a177f06ede9865add3aea269bbfd4
  DataSourcerer: 3ba69407c0fa172ee5b2d852e9942630c62a9950
  Dwifft: 42912068ed2a8146077d1a1404df18625bd086e1
  Nimble: 04f732da099ea4d153122aec8c2a88fd0c7219ae
  Quick: 2623cb30d7a7f41ca62f684f679586558f483d46
  SwiftLint: 6772320e40b52049053a518c17db9b0634a0b45a

PODFILE CHECKSUM: 1e3c18ea70e01e8d9f5f349a05464e4756e6c010

COCOAPODS: 1.5.3
