{
  "object": {
    "pins": [
      {
        "package": "Difference",
        "repositoryURL": "https://github.com/krzysztofzablocki/Difference.git",
        "state": {
          "branch": null,
          "revision": "7d6a2be3273830794504e9cea56c7411eb7a599a",
          "version": "0.6.0"
        }
      },
      {
        "package": "ReactiveSwift",
        "repositoryURL": "https://github.com/ReactiveCocoa/ReactiveSwift.git",
        "state": {
          "branch": null,
          "revision": "e03cda84105ba707de039b757e2b2de868c65a3e",
          "version": "6.5.0"
        }
      }
    ]
  },
  "version": 1
}
