// !$*UTF8*$!
{
	archiveVersion = 1;
	classes = {
	};
	objectVersion = 46;
	objects = {

/* Begin PBXBuildFile section */
		22F67710BE6A46653E208DA1 /* Pods_DataSourcerer_Example.framework in Frameworks */ = {isa = PBXBuildFile; fileRef = D04B82D9E8A7AA1EF8B78752 /* Pods_DataSourcerer_Example.framework */; };
		607FACD61AFB9204008FA782 /* AppDelegate.swift in Sources */ = {isa = PBXBuildFile; fileRef = 607FACD51AFB9204008FA782 /* AppDelegate.swift */; };
		607FACDB1AFB9204008FA782 /* Main.storyboard in Resources */ = {isa = PBXBuildFile; fileRef = 607FACD91AFB9204008FA782 /* Main.storyboard */; };
		607FACDD1AFB9204008FA782 /* Images.xcassets in Resources */ = {isa = PBXBuildFile; fileRef = 607FACDC1AFB9204008FA782 /* Images.xcassets */; };
		607FACE01AFB9204008FA782 /* LaunchScreen.xib in Resources */ = {isa = PBXBuildFile; fileRef = 607FACDE1AFB9204008FA782 /* LaunchScreen.xib */; };
		6F4B87A0224FA71800326BF2 /* ChatBotTableViewController.swift in Sources */ = {isa = PBXBuildFile; fileRef = 6F4B879F224FA71800326BF2 /* ChatBotTableViewController.swift */; };
		6F4B87D8224FAF3300326BF2 /* ChatBotTableViewModel.swift in Sources */ = {isa = PBXBuildFile; fileRef = 6F4B87D7224FAF3300326BF2 /* ChatBotTableViewModel.swift */; };
		6F4B87DA224FB02100326BF2 /* ChatBotResponse.swift in Sources */ = {isa = PBXBuildFile; fileRef = 6F4B87D9224FB02100326BF2 /* ChatBotResponse.swift */; };
		6F55688621D9338F0055EEAE /* DatasourceOperationsSpec.swift in Sources */ = {isa = PBXBuildFile; fileRef = 6F55688521D9338F0055EEAE /* DatasourceOperationsSpec.swift */; };
		6F714E9D21D78F2D003CC5C1 /* CachedDatasourceSpec.swift in Sources */ = {isa = PBXBuildFile; fileRef = 6FF1A99D21D78E29000D9E53 /* CachedDatasourceSpec.swift */; };
		6F850B632221E167006D6A77 /* Watchdog.swift in Sources */ = {isa = PBXBuildFile; fileRef = 6F850B622221E167006D6A77 /* Watchdog.swift */; };
		6F850B652222AF6D006D6A77 /* BACKLOG.md in Resources */ = {isa = PBXBuildFile; fileRef = 6F850B642222AF6D006D6A77 /* BACKLOG.md */; };
		6FA5920821D61B2000BF4A1C /* LoadImpulseEmitterSpec.swift in Sources */ = {isa = PBXBuildFile; fileRef = 6FA5920721D61B2000BF4A1C /* LoadImpulseEmitterSpec.swift */; };
		6FA5920A21D6206F00BF4A1C /* PlainCacheDatasourceSpec.swift in Sources */ = {isa = PBXBuildFile; fileRef = 6FA5920921D6206F00BF4A1C /* PlainCacheDatasourceSpec.swift */; };
		6FA5920C21D620E400BF4A1C /* TestStateError.swift in Sources */ = {isa = PBXBuildFile; fileRef = 6FA5920B21D620E400BF4A1C /* TestStateError.swift */; };
		6FA5920E21D621B800BF4A1C /* TestStatePersister.swift in Sources */ = {isa = PBXBuildFile; fileRef = 6FA5920D21D621B700BF4A1C /* TestStatePersister.swift */; };
		6FB45A9622525EBA008E78AE /* ChatBotTableCellUpdateInterceptor.swift in Sources */ = {isa = PBXBuildFile; fileRef = 6FB45A9522525EBA008E78AE /* ChatBotTableCellUpdateInterceptor.swift */; };
		6FB45A9822525F06008E78AE /* ChatBotTableItemModelsProducer.swift in Sources */ = {isa = PBXBuildFile; fileRef = 6FB45A9722525F06008E78AE /* ChatBotTableItemModelsProducer.swift */; };
		6FB45A9A225263B3008E78AE /* ChatBotItemViewsProducer.swift in Sources */ = {isa = PBXBuildFile; fileRef = 6FB45A99225263B3008E78AE /* ChatBotItemViewsProducer.swift */; };
		6FB45A9C22535E7A008E78AE /* ChatBotMockStorage.swift in Sources */ = {isa = PBXBuildFile; fileRef = 6FB45A9B22535E7A008E78AE /* ChatBotMockStorage.swift */; };
		6FB45A9E22535E90008E78AE /* ChatBotCell.swift in Sources */ = {isa = PBXBuildFile; fileRef = 6FB45A9D22535E90008E78AE /* ChatBotCell.swift */; };
		6FB45AA022535EA7008E78AE /* ChatBotRequest.swift in Sources */ = {isa = PBXBuildFile; fileRef = 6FB45A9F22535EA7008E78AE /* ChatBotRequest.swift */; };
		6FC5BFA321D799E2003DD629 /* TestDatasource.swift in Sources */ = {isa = PBXBuildFile; fileRef = 6FC5BFA221D799E2003DD629 /* TestDatasource.swift */; };
		6FCC264721DA1AC2005DE711 /* PublicRepo.swift in Sources */ = {isa = PBXBuildFile; fileRef = 6FCC263F21DA1AC2005DE711 /* PublicRepo.swift */; };
		6FCC264B21DA1AC2005DE711 /* LoadingCell.swift in Sources */ = {isa = PBXBuildFile; fileRef = 6FCC264321DA1AC2005DE711 /* LoadingCell.swift */; };
		6FCC264C21DA1AC2005DE711 /* PullToRefreshTableViewModel.swift in Sources */ = {isa = PBXBuildFile; fileRef = 6FCC264421DA1AC2005DE711 /* PullToRefreshTableViewModel.swift */; };
		6FCC264D21DA1AC2005DE711 /* APIError.swift in Sources */ = {isa = PBXBuildFile; fileRef = 6FCC264521DA1AC2005DE711 /* APIError.swift */; };
		6FCC264E21DA1AC2005DE711 /* PullToRefreshTableViewController.swift in Sources */ = {isa = PBXBuildFile; fileRef = 6FCC264621DA1AC2005DE711 /* PullToRefreshTableViewController.swift */; };
		6FCC265021DA336C005DE711 /* ErrorTableViewCell.swift in Sources */ = {isa = PBXBuildFile; fileRef = 6FCC264F21DA336C005DE711 /* ErrorTableViewCell.swift */; };
		6FDEB2ED21D56D11005ED5C8 /* BroadcastObservableSpec.swift in Sources */ = {isa = PBXBuildFile; fileRef = 6FDEB2EB21D56D0C005ED5C8 /* BroadcastObservableSpec.swift */; };
		6FE7794822549967003BF625 /* InitialChatBotStates.swift in Sources */ = {isa = PBXBuildFile; fileRef = 6FE7794722549967003BF625 /* InitialChatBotStates.swift */; };
		6FE7794A22549979003BF625 /* NewMessagesChatBotStates.swift in Sources */ = {isa = PBXBuildFile; fileRef = 6FE7794922549979003BF625 /* NewMessagesChatBotStates.swift */; };
		6FE7794C22549997003BF625 /* OldMessagesChatBotStates.swift in Sources */ = {isa = PBXBuildFile; fileRef = 6FE7794B22549997003BF625 /* OldMessagesChatBotStates.swift */; };
		6FE7794F22555D76003BF625 /* ChatBotIncomingMessageTableViewCell.swift in Sources */ = {isa = PBXBuildFile; fileRef = 6FE7794E22555D76003BF625 /* ChatBotIncomingMessageTableViewCell.swift */; };
		B9438935A28A3CA2D08D90FE /* Pods_DataSourcerer_Tests.framework in Frameworks */ = {isa = PBXBuildFile; fileRef = 373D91A51316AC04BAAEF81F /* Pods_DataSourcerer_Tests.framework */; };
/* End PBXBuildFile section */

/* Begin PBXContainerItemProxy section */
		607FACE61AFB9204008FA782 /* PBXContainerItemProxy */ = {
			isa = PBXContainerItemProxy;
			containerPortal = 607FACC81AFB9204008FA782 /* Project object */;
			proxyType = 1;
			remoteGlobalIDString = 607FACCF1AFB9204008FA782;
			remoteInfo = DataSourcerer;
		};
/* End PBXContainerItemProxy section */

/* Begin PBXFileReference section */
		23CCB1F09D40C8E91B2D0820 /* Pods-DataSourcerer_Tests.debug.xcconfig */ = {isa = PBXFileReference; includeInIndex = 1; lastKnownFileType = text.xcconfig; name = "Pods-DataSourcerer_Tests.debug.xcconfig"; path = "Pods/Target Support Files/Pods-DataSourcerer_Tests/Pods-DataSourcerer_Tests.debug.xcconfig"; sourceTree = "<group>"; };
		373D91A51316AC04BAAEF81F /* Pods_DataSourcerer_Tests.framework */ = {isa = PBXFileReference; explicitFileType = wrapper.framework; includeInIndex = 0; path = Pods_DataSourcerer_Tests.framework; sourceTree = BUILT_PRODUCTS_DIR; };
		3D6CF8E53A12276A6BEE24F9 /* LICENSE */ = {isa = PBXFileReference; includeInIndex = 1; lastKnownFileType = text; name = LICENSE; path = ../LICENSE; sourceTree = "<group>"; };
		447C054C85A775A815DC839D /* README.md */ = {isa = PBXFileReference; includeInIndex = 1; lastKnownFileType = net.daringfireball.markdown; name = README.md; path = ../README.md; sourceTree = "<group>"; };
		607FACD01AFB9204008FA782 /* DataSourcerer_Example.app */ = {isa = PBXFileReference; explicitFileType = wrapper.application; includeInIndex = 0; path = DataSourcerer_Example.app; sourceTree = BUILT_PRODUCTS_DIR; };
		607FACD41AFB9204008FA782 /* Info.plist */ = {isa = PBXFileReference; lastKnownFileType = text.plist.xml; path = Info.plist; sourceTree = "<group>"; };
		607FACD51AFB9204008FA782 /* AppDelegate.swift */ = {isa = PBXFileReference; lastKnownFileType = sourcecode.swift; path = AppDelegate.swift; sourceTree = "<group>"; };
		607FACDA1AFB9204008FA782 /* Base */ = {isa = PBXFileReference; lastKnownFileType = file.storyboard; name = Base; path = Base.lproj/Main.storyboard; sourceTree = "<group>"; };
		607FACDC1AFB9204008FA782 /* Images.xcassets */ = {isa = PBXFileReference; lastKnownFileType = folder.assetcatalog; path = Images.xcassets; sourceTree = "<group>"; };
		607FACDF1AFB9204008FA782 /* Base */ = {isa = PBXFileReference; lastKnownFileType = file.xib; name = Base; path = Base.lproj/LaunchScreen.xib; sourceTree = "<group>"; };
		607FACE51AFB9204008FA782 /* DataSourcerer_Tests.xctest */ = {isa = PBXFileReference; explicitFileType = wrapper.cfbundle; includeInIndex = 0; path = DataSourcerer_Tests.xctest; sourceTree = BUILT_PRODUCTS_DIR; };
		607FACEA1AFB9204008FA782 /* Info.plist */ = {isa = PBXFileReference; lastKnownFileType = text.plist.xml; path = Info.plist; sourceTree = "<group>"; };
		6F4B879F224FA71800326BF2 /* ChatBotTableViewController.swift */ = {isa = PBXFileReference; lastKnownFileType = sourcecode.swift; path = ChatBotTableViewController.swift; sourceTree = "<group>"; };
		6F4B87D7224FAF3300326BF2 /* ChatBotTableViewModel.swift */ = {isa = PBXFileReference; lastKnownFileType = sourcecode.swift; path = ChatBotTableViewModel.swift; sourceTree = "<group>"; };
		6F4B87D9224FB02100326BF2 /* ChatBotResponse.swift */ = {isa = PBXFileReference; lastKnownFileType = sourcecode.swift; path = ChatBotResponse.swift; sourceTree = "<group>"; };
		6F55688521D9338F0055EEAE /* DatasourceOperationsSpec.swift */ = {isa = PBXFileReference; lastKnownFileType = sourcecode.swift; path = DatasourceOperationsSpec.swift; sourceTree = "<group>"; };
		6F850B622221E167006D6A77 /* Watchdog.swift */ = {isa = PBXFileReference; lastKnownFileType = sourcecode.swift; path = Watchdog.swift; sourceTree = "<group>"; };
		6F850B642222AF6D006D6A77 /* BACKLOG.md */ = {isa = PBXFileReference; fileEncoding = 4; lastKnownFileType = net.daringfireball.markdown; path = BACKLOG.md; sourceTree = "<group>"; };
		6FA5920721D61B2000BF4A1C /* LoadImpulseEmitterSpec.swift */ = {isa = PBXFileReference; lastKnownFileType = sourcecode.swift; path = LoadImpulseEmitterSpec.swift; sourceTree = "<group>"; };
		6FA5920921D6206F00BF4A1C /* PlainCacheDatasourceSpec.swift */ = {isa = PBXFileReference; lastKnownFileType = sourcecode.swift; path = PlainCacheDatasourceSpec.swift; sourceTree = "<group>"; };
		6FA5920B21D620E400BF4A1C /* TestStateError.swift */ = {isa = PBXFileReference; lastKnownFileType = sourcecode.swift; path = TestStateError.swift; sourceTree = "<group>"; };
		6FA5920D21D621B700BF4A1C /* TestStatePersister.swift */ = {isa = PBXFileReference; lastKnownFileType = sourcecode.swift; path = TestStatePersister.swift; sourceTree = "<group>"; };
		6FB45A9522525EBA008E78AE /* ChatBotTableCellUpdateInterceptor.swift */ = {isa = PBXFileReference; lastKnownFileType = sourcecode.swift; path = ChatBotTableCellUpdateInterceptor.swift; sourceTree = "<group>"; };
		6FB45A9722525F06008E78AE /* ChatBotTableItemModelsProducer.swift */ = {isa = PBXFileReference; lastKnownFileType = sourcecode.swift; path = ChatBotTableItemModelsProducer.swift; sourceTree = "<group>"; };
		6FB45A99225263B3008E78AE /* ChatBotItemViewsProducer.swift */ = {isa = PBXFileReference; lastKnownFileType = sourcecode.swift; path = ChatBotItemViewsProducer.swift; sourceTree = "<group>"; };
		6FB45A9B22535E7A008E78AE /* ChatBotMockStorage.swift */ = {isa = PBXFileReference; lastKnownFileType = sourcecode.swift; path = ChatBotMockStorage.swift; sourceTree = "<group>"; };
		6FB45A9D22535E90008E78AE /* ChatBotCell.swift */ = {isa = PBXFileReference; lastKnownFileType = sourcecode.swift; path = ChatBotCell.swift; sourceTree = "<group>"; };
		6FB45A9F22535EA7008E78AE /* ChatBotRequest.swift */ = {isa = PBXFileReference; lastKnownFileType = sourcecode.swift; path = ChatBotRequest.swift; sourceTree = "<group>"; };
		6FC5BFA221D799E2003DD629 /* TestDatasource.swift */ = {isa = PBXFileReference; lastKnownFileType = sourcecode.swift; path = TestDatasource.swift; sourceTree = "<group>"; };
		6FCC263F21DA1AC2005DE711 /* PublicRepo.swift */ = {isa = PBXFileReference; lastKnownFileType = sourcecode.swift; path = PublicRepo.swift; sourceTree = "<group>"; };
		6FCC264321DA1AC2005DE711 /* LoadingCell.swift */ = {isa = PBXFileReference; lastKnownFileType = sourcecode.swift; path = LoadingCell.swift; sourceTree = "<group>"; };
		6FCC264421DA1AC2005DE711 /* PullToRefreshTableViewModel.swift */ = {isa = PBXFileReference; lastKnownFileType = sourcecode.swift; path = PullToRefreshTableViewModel.swift; sourceTree = "<group>"; };
		6FCC264521DA1AC2005DE711 /* APIError.swift */ = {isa = PBXFileReference; lastKnownFileType = sourcecode.swift; path = APIError.swift; sourceTree = "<group>"; };
		6FCC264621DA1AC2005DE711 /* PullToRefreshTableViewController.swift */ = {isa = PBXFileReference; lastKnownFileType = sourcecode.swift; path = PullToRefreshTableViewController.swift; sourceTree = "<group>"; };
		6FCC264F21DA336C005DE711 /* ErrorTableViewCell.swift */ = {isa = PBXFileReference; fileEncoding = 4; lastKnownFileType = sourcecode.swift; path = ErrorTableViewCell.swift; sourceTree = "<group>"; };
		6FDEB2EB21D56D0C005ED5C8 /* BroadcastObservableSpec.swift */ = {isa = PBXFileReference; lastKnownFileType = sourcecode.swift; path = BroadcastObservableSpec.swift; sourceTree = "<group>"; };
		6FE7794722549967003BF625 /* InitialChatBotStates.swift */ = {isa = PBXFileReference; lastKnownFileType = sourcecode.swift; path = InitialChatBotStates.swift; sourceTree = "<group>"; };
		6FE7794922549979003BF625 /* NewMessagesChatBotStates.swift */ = {isa = PBXFileReference; lastKnownFileType = sourcecode.swift; path = NewMessagesChatBotStates.swift; sourceTree = "<group>"; };
		6FE7794B22549997003BF625 /* OldMessagesChatBotStates.swift */ = {isa = PBXFileReference; lastKnownFileType = sourcecode.swift; path = OldMessagesChatBotStates.swift; sourceTree = "<group>"; };
		6FE7794E22555D76003BF625 /* ChatBotIncomingMessageTableViewCell.swift */ = {isa = PBXFileReference; lastKnownFileType = sourcecode.swift; path = ChatBotIncomingMessageTableViewCell.swift; sourceTree = "<group>"; };
		6FF1A99D21D78E29000D9E53 /* CachedDatasourceSpec.swift */ = {isa = PBXFileReference; lastKnownFileType = sourcecode.swift; path = CachedDatasourceSpec.swift; sourceTree = "<group>"; };
		AF60253B6D4AE5C9DCF23DD1 /* Pods-DataSourcerer_Example.release.xcconfig */ = {isa = PBXFileReference; includeInIndex = 1; lastKnownFileType = text.xcconfig; name = "Pods-DataSourcerer_Example.release.xcconfig"; path = "Pods/Target Support Files/Pods-DataSourcerer_Example/Pods-DataSourcerer_Example.release.xcconfig"; sourceTree = "<group>"; };
		BC79CBD8A5C9E2D4BEF42D16 /* Pods-DataSourcerer_Tests.release.xcconfig */ = {isa = PBXFileReference; includeInIndex = 1; lastKnownFileType = text.xcconfig; name = "Pods-DataSourcerer_Tests.release.xcconfig"; path = "Pods/Target Support Files/Pods-DataSourcerer_Tests/Pods-DataSourcerer_Tests.release.xcconfig"; sourceTree = "<group>"; };
		C7461E507AD0FE24652D6B76 /* Pods-DataSourcerer_Example.debug.xcconfig */ = {isa = PBXFileReference; includeInIndex = 1; lastKnownFileType = text.xcconfig; name = "Pods-DataSourcerer_Example.debug.xcconfig"; path = "Pods/Target Support Files/Pods-DataSourcerer_Example/Pods-DataSourcerer_Example.debug.xcconfig"; sourceTree = "<group>"; };
		D04B82D9E8A7AA1EF8B78752 /* Pods_DataSourcerer_Example.framework */ = {isa = PBXFileReference; explicitFileType = wrapper.framework; includeInIndex = 0; path = Pods_DataSourcerer_Example.framework; sourceTree = BUILT_PRODUCTS_DIR; };
		F0B13B0ADE82E661103D8253 /* DataSourcerer.podspec */ = {isa = PBXFileReference; includeInIndex = 1; lastKnownFileType = text; name = DataSourcerer.podspec; path = ../DataSourcerer.podspec; sourceTree = "<group>"; xcLanguageSpecificationIdentifier = xcode.lang.ruby; };
/* End PBXFileReference section */

/* Begin PBXFrameworksBuildPhase section */
		607FACCD1AFB9204008FA782 /* Frameworks */ = {
			isa = PBXFrameworksBuildPhase;
			buildActionMask = 2147483647;
			files = (
				22F67710BE6A46653E208DA1 /* Pods_DataSourcerer_Example.framework in Frameworks */,
			);
			runOnlyForDeploymentPostprocessing = 0;
		};
		607FACE21AFB9204008FA782 /* Frameworks */ = {
			isa = PBXFrameworksBuildPhase;
			buildActionMask = 2147483647;
			files = (
				B9438935A28A3CA2D08D90FE /* Pods_DataSourcerer_Tests.framework in Frameworks */,
			);
			runOnlyForDeploymentPostprocessing = 0;
		};
/* End PBXFrameworksBuildPhase section */

/* Begin PBXGroup section */
		3F0AB6663C81AA8F87DD73F2 /* Frameworks */ = {
			isa = PBXGroup;
			children = (
				D04B82D9E8A7AA1EF8B78752 /* Pods_DataSourcerer_Example.framework */,
				373D91A51316AC04BAAEF81F /* Pods_DataSourcerer_Tests.framework */,
			);
			name = Frameworks;
			sourceTree = "<group>";
		};
		607FACC71AFB9204008FA782 = {
			isa = PBXGroup;
			children = (
				607FACF51AFB993E008FA782 /* Podspec Metadata */,
				607FACD21AFB9204008FA782 /* Example for DataSourcerer */,
				607FACE81AFB9204008FA782 /* Tests */,
				607FACD11AFB9204008FA782 /* Products */,
				C9DFD7EAA563BEA57BAA564F /* Pods */,
				3F0AB6663C81AA8F87DD73F2 /* Frameworks */,
				6F850B642222AF6D006D6A77 /* BACKLOG.md */,
			);
			sourceTree = "<group>";
		};
		607FACD11AFB9204008FA782 /* Products */ = {
			isa = PBXGroup;
			children = (
				607FACD01AFB9204008FA782 /* DataSourcerer_Example.app */,
				607FACE51AFB9204008FA782 /* DataSourcerer_Tests.xctest */,
			);
			name = Products;
			sourceTree = "<group>";
		};
		607FACD21AFB9204008FA782 /* Example for DataSourcerer */ = {
			isa = PBXGroup;
			children = (
				607FACD51AFB9204008FA782 /* AppDelegate.swift */,
				607FACD91AFB9204008FA782 /* Main.storyboard */,
				607FACDE1AFB9204008FA782 /* LaunchScreen.xib */,
				6F4B87D3224FABA600326BF2 /* ChatBot TableView */,
				6F4B87D2224FAB8C00326BF2 /* PullToRefresh TableView */,
				6F4B87D1224FAB7A00326BF2 /* Model */,
				6F4B87D4224FABC500326BF2 /* Reusable */,
				6F4B87D5224FABE700326BF2 /* Resources */,
				6F4B87D6224FABF800326BF2 /* Vendor */,
			);
			name = "Example for DataSourcerer";
			path = DataSourcerer;
			sourceTree = "<group>";
		};
		607FACD31AFB9204008FA782 /* Supporting Files */ = {
			isa = PBXGroup;
			children = (
				607FACD41AFB9204008FA782 /* Info.plist */,
			);
			name = "Supporting Files";
			sourceTree = "<group>";
		};
		607FACE81AFB9204008FA782 /* Tests */ = {
			isa = PBXGroup;
			children = (
				607FACE91AFB9204008FA782 /* Supporting Files */,
				6FA5920721D61B2000BF4A1C /* LoadImpulseEmitterSpec.swift */,
				6FDEB2EB21D56D0C005ED5C8 /* BroadcastObservableSpec.swift */,
				6FA5920921D6206F00BF4A1C /* PlainCacheDatasourceSpec.swift */,
				6FA5920B21D620E400BF4A1C /* TestStateError.swift */,
				6FA5920D21D621B700BF4A1C /* TestStatePersister.swift */,
				6FF1A99D21D78E29000D9E53 /* CachedDatasourceSpec.swift */,
				6FC5BFA221D799E2003DD629 /* TestDatasource.swift */,
				6F55688521D9338F0055EEAE /* DatasourceOperationsSpec.swift */,
			);
			path = Tests;
			sourceTree = "<group>";
		};
		607FACE91AFB9204008FA782 /* Supporting Files */ = {
			isa = PBXGroup;
			children = (
				607FACEA1AFB9204008FA782 /* Info.plist */,
			);
			name = "Supporting Files";
			sourceTree = "<group>";
		};
		607FACF51AFB993E008FA782 /* Podspec Metadata */ = {
			isa = PBXGroup;
			children = (
				F0B13B0ADE82E661103D8253 /* DataSourcerer.podspec */,
				447C054C85A775A815DC839D /* README.md */,
				3D6CF8E53A12276A6BEE24F9 /* LICENSE */,
			);
			name = "Podspec Metadata";
			sourceTree = "<group>";
		};
		6F4B87D1224FAB7A00326BF2 /* Model */ = {
			isa = PBXGroup;
			children = (
				6FCC263F21DA1AC2005DE711 /* PublicRepo.swift */,
				6FCC264521DA1AC2005DE711 /* APIError.swift */,
				6F4B87D9224FB02100326BF2 /* ChatBotResponse.swift */,
			);
			name = Model;
			sourceTree = "<group>";
		};
		6F4B87D2224FAB8C00326BF2 /* PullToRefresh TableView */ = {
			isa = PBXGroup;
			children = (
				6FCC264621DA1AC2005DE711 /* PullToRefreshTableViewController.swift */,
				6FCC264421DA1AC2005DE711 /* PullToRefreshTableViewModel.swift */,
			);
			name = "PullToRefresh TableView";
			sourceTree = "<group>";
		};
		6F4B87D3224FABA600326BF2 /* ChatBot TableView */ = {
			isa = PBXGroup;
			children = (
				6FE7794D22549B8F003BF625 /* State Providers */,
				6F4B879F224FA71800326BF2 /* ChatBotTableViewController.swift */,
				6F4B87D7224FAF3300326BF2 /* ChatBotTableViewModel.swift */,
				6FB45A9522525EBA008E78AE /* ChatBotTableCellUpdateInterceptor.swift */,
				6FB45A9722525F06008E78AE /* ChatBotTableItemModelsProducer.swift */,
				6FB45A99225263B3008E78AE /* ChatBotItemViewsProducer.swift */,
				6FB45A9B22535E7A008E78AE /* ChatBotMockStorage.swift */,
				6FB45A9D22535E90008E78AE /* ChatBotCell.swift */,
				6FB45A9F22535EA7008E78AE /* ChatBotRequest.swift */,
				6FE7794E22555D76003BF625 /* ChatBotIncomingMessageTableViewCell.swift */,
			);
			name = "ChatBot TableView";
			sourceTree = "<group>";
		};
		6F4B87D4224FABC500326BF2 /* Reusable */ = {
			isa = PBXGroup;
			children = (
				6FCC264F21DA336C005DE711 /* ErrorTableViewCell.swift */,
				6FCC264321DA1AC2005DE711 /* LoadingCell.swift */,
			);
			name = Reusable;
			sourceTree = "<group>";
		};
		6F4B87D5224FABE700326BF2 /* Resources */ = {
			isa = PBXGroup;
			children = (
				607FACDC1AFB9204008FA782 /* Images.xcassets */,
				607FACD31AFB9204008FA782 /* Supporting Files */,
			);
			name = Resources;
			sourceTree = "<group>";
		};
		6F4B87D6224FABF800326BF2 /* Vendor */ = {
			isa = PBXGroup;
			children = (
				6F850B622221E167006D6A77 /* Watchdog.swift */,
			);
			name = Vendor;
			sourceTree = "<group>";
		};
		6FE7794D22549B8F003BF625 /* State Providers */ = {
			isa = PBXGroup;
			children = (
				6FE7794722549967003BF625 /* InitialChatBotStates.swift */,
				6FE7794922549979003BF625 /* NewMessagesChatBotStates.swift */,
				6FE7794B22549997003BF625 /* OldMessagesChatBotStates.swift */,
			);
			name = "State Providers";
			sourceTree = "<group>";
		};
		C9DFD7EAA563BEA57BAA564F /* Pods */ = {
			isa = PBXGroup;
			children = (
				C7461E507AD0FE24652D6B76 /* Pods-DataSourcerer_Example.debug.xcconfig */,
				AF60253B6D4AE5C9DCF23DD1 /* Pods-DataSourcerer_Example.release.xcconfig */,
				23CCB1F09D40C8E91B2D0820 /* Pods-DataSourcerer_Tests.debug.xcconfig */,
				BC79CBD8A5C9E2D4BEF42D16 /* Pods-DataSourcerer_Tests.release.xcconfig */,
			);
			name = Pods;
			sourceTree = "<group>";
		};
/* End PBXGroup section */

/* Begin PBXNativeTarget section */
		607FACCF1AFB9204008FA782 /* DataSourcerer_Example */ = {
			isa = PBXNativeTarget;
			buildConfigurationList = 607FACEF1AFB9204008FA782 /* Build configuration list for PBXNativeTarget "DataSourcerer_Example" */;
			buildPhases = (
				7BB815358D1475A193F44A7B /* [CP] Check Pods Manifest.lock */,
				607FACCC1AFB9204008FA782 /* Sources */,
				607FACCD1AFB9204008FA782 /* Frameworks */,
				607FACCE1AFB9204008FA782 /* Resources */,
				93C454AE4231349C9441D5B5 /* [CP] Embed Pods Frameworks */,
				6FDEB2EA21D5678D005ED5C8 /* ShellScript */,
			);
			buildRules = (
			);
			dependencies = (
			);
			name = DataSourcerer_Example;
			productName = DataSourcerer;
			productReference = 607FACD01AFB9204008FA782 /* DataSourcerer_Example.app */;
			productType = "com.apple.product-type.application";
		};
		607FACE41AFB9204008FA782 /* DataSourcerer_Tests */ = {
			isa = PBXNativeTarget;
			buildConfigurationList = 607FACF21AFB9204008FA782 /* Build configuration list for PBXNativeTarget "DataSourcerer_Tests" */;
			buildPhases = (
				AA763177F7193084C26EB751 /* [CP] Check Pods Manifest.lock */,
				607FACE11AFB9204008FA782 /* Sources */,
				607FACE21AFB9204008FA782 /* Frameworks */,
				607FACE31AFB9204008FA782 /* Resources */,
				EBD17557E8AE6016505DD990 /* [CP] Embed Pods Frameworks */,
			);
			buildRules = (
			);
			dependencies = (
				607FACE71AFB9204008FA782 /* PBXTargetDependency */,
			);
			name = DataSourcerer_Tests;
			productName = Tests;
			productReference = 607FACE51AFB9204008FA782 /* DataSourcerer_Tests.xctest */;
			productType = "com.apple.product-type.bundle.unit-test";
		};
/* End PBXNativeTarget section */

/* Begin PBXProject section */
		607FACC81AFB9204008FA782 /* Project object */ = {
			isa = PBXProject;
			attributes = {
				LastSwiftUpdateCheck = 0830;
				LastUpgradeCheck = 1010;
				ORGANIZATIONNAME = CocoaPods;
				TargetAttributes = {
					607FACCF1AFB9204008FA782 = {
						CreatedOnToolsVersion = 6.3.1;
						DevelopmentTeam = 6VT84VEY8S;
						LastSwiftMigration = 1010;
					};
					607FACE41AFB9204008FA782 = {
						CreatedOnToolsVersion = 6.3.1;
						LastSwiftMigration = 0900;
						TestTargetID = 607FACCF1AFB9204008FA782;
					};
				};
			};
			buildConfigurationList = 607FACCB1AFB9204008FA782 /* Build configuration list for PBXProject "DataSourcerer" */;
			compatibilityVersion = "Xcode 3.2";
			developmentRegion = English;
			hasScannedForEncodings = 0;
			knownRegions = (
				en,
				Base,
			);
			mainGroup = 607FACC71AFB9204008FA782;
			productRefGroup = 607FACD11AFB9204008FA782 /* Products */;
			projectDirPath = "";
			projectRoot = "";
			targets = (
				607FACCF1AFB9204008FA782 /* DataSourcerer_Example */,
				607FACE41AFB9204008FA782 /* DataSourcerer_Tests */,
			);
		};
/* End PBXProject section */

/* Begin PBXResourcesBuildPhase section */
		607FACCE1AFB9204008FA782 /* Resources */ = {
			isa = PBXResourcesBuildPhase;
			buildActionMask = 2147483647;
			files = (
				6F850B652222AF6D006D6A77 /* BACKLOG.md in Resources */,
				607FACDB1AFB9204008FA782 /* Main.storyboard in Resources */,
				607FACE01AFB9204008FA782 /* LaunchScreen.xib in Resources */,
				607FACDD1AFB9204008FA782 /* Images.xcassets in Resources */,
			);
			runOnlyForDeploymentPostprocessing = 0;
		};
		607FACE31AFB9204008FA782 /* Resources */ = {
			isa = PBXResourcesBuildPhase;
			buildActionMask = 2147483647;
			files = (
			);
			runOnlyForDeploymentPostprocessing = 0;
		};
/* End PBXResourcesBuildPhase section */

/* Begin PBXShellScriptBuildPhase section */
		6FDEB2EA21D5678D005ED5C8 /* ShellScript */ = {
			isa = PBXShellScriptBuildPhase;
			buildActionMask = 2147483647;
			files = (
			);
			inputFileListPaths = (
			);
			inputPaths = (
			);
			outputFileListPaths = (
			);
			outputPaths = (
			);
			runOnlyForDeploymentPostprocessing = 0;
			shellPath = /bin/sh;
			shellScript = "\"${PODS_ROOT}/SwiftLint/swiftlint\"\n";
		};
		7BB815358D1475A193F44A7B /* [CP] Check Pods Manifest.lock */ = {
			isa = PBXShellScriptBuildPhase;
			buildActionMask = 2147483647;
			files = (
			);
			inputFileListPaths = (
			);
			inputPaths = (
				"${PODS_PODFILE_DIR_PATH}/Podfile.lock",
				"${PODS_ROOT}/Manifest.lock",
			);
			name = "[CP] Check Pods Manifest.lock";
			outputFileListPaths = (
			);
			outputPaths = (
				"$(DERIVED_FILE_DIR)/Pods-DataSourcerer_Example-checkManifestLockResult.txt",
			);
			runOnlyForDeploymentPostprocessing = 0;
			shellPath = /bin/sh;
			shellScript = "diff \"${PODS_PODFILE_DIR_PATH}/Podfile.lock\" \"${PODS_ROOT}/Manifest.lock\" > /dev/null\nif [ $? != 0 ] ; then\n    # print error to STDERR\n    echo \"error: The sandbox is not in sync with the Podfile.lock. Run 'pod install' or update your CocoaPods installation.\" >&2\n    exit 1\nfi\n# This output is used by Xcode 'outputs' to avoid re-running this script phase.\necho \"SUCCESS\" > \"${SCRIPT_OUTPUT_FILE_0}\"\n";
			showEnvVarsInLog = 0;
		};
		93C454AE4231349C9441D5B5 /* [CP] Embed Pods Frameworks */ = {
			isa = PBXShellScriptBuildPhase;
			buildActionMask = 2147483647;
			files = (
			);
			inputPaths = (
				"${PODS_ROOT}/Target Support Files/Pods-DataSourcerer_Example/Pods-DataSourcerer_Example-frameworks.sh",
				"${BUILT_PRODUCTS_DIR}/Cache/Cache.framework",
				"${BUILT_PRODUCTS_DIR}/DataSourcerer/DataSourcerer.framework",
				"${BUILT_PRODUCTS_DIR}/DifferenceKit/DifferenceKit.framework",
				"${BUILT_PRODUCTS_DIR}/ReactiveSwift/ReactiveSwift.framework",
				"${BUILT_PRODUCTS_DIR}/Result/Result.framework",
			);
			name = "[CP] Embed Pods Frameworks";
			outputPaths = (
				"${TARGET_BUILD_DIR}/${FRAMEWORKS_FOLDER_PATH}/Cache.framework",
				"${TARGET_BUILD_DIR}/${FRAMEWORKS_FOLDER_PATH}/DataSourcerer.framework",
				"${TARGET_BUILD_DIR}/${FRAMEWORKS_FOLDER_PATH}/DifferenceKit.framework",
				"${TARGET_BUILD_DIR}/${FRAMEWORKS_FOLDER_PATH}/ReactiveSwift.framework",
				"${TARGET_BUILD_DIR}/${FRAMEWORKS_FOLDER_PATH}/Result.framework",
			);
			runOnlyForDeploymentPostprocessing = 0;
			shellPath = /bin/sh;
			shellScript = "\"${PODS_ROOT}/Target Support Files/Pods-DataSourcerer_Example/Pods-DataSourcerer_Example-frameworks.sh\"\n";
			showEnvVarsInLog = 0;
		};
		AA763177F7193084C26EB751 /* [CP] Check Pods Manifest.lock */ = {
			isa = PBXShellScriptBuildPhase;
			buildActionMask = 2147483647;
			files = (
			);
			inputFileListPaths = (
			);
			inputPaths = (
				"${PODS_PODFILE_DIR_PATH}/Podfile.lock",
				"${PODS_ROOT}/Manifest.lock",
			);
			name = "[CP] Check Pods Manifest.lock";
			outputFileListPaths = (
			);
			outputPaths = (
				"$(DERIVED_FILE_DIR)/Pods-DataSourcerer_Tests-checkManifestLockResult.txt",
			);
			runOnlyForDeploymentPostprocessing = 0;
			shellPath = /bin/sh;
			shellScript = "diff \"${PODS_PODFILE_DIR_PATH}/Podfile.lock\" \"${PODS_ROOT}/Manifest.lock\" > /dev/null\nif [ $? != 0 ] ; then\n    # print error to STDERR\n    echo \"error: The sandbox is not in sync with the Podfile.lock. Run 'pod install' or update your CocoaPods installation.\" >&2\n    exit 1\nfi\n# This output is used by Xcode 'outputs' to avoid re-running this script phase.\necho \"SUCCESS\" > \"${SCRIPT_OUTPUT_FILE_0}\"\n";
			showEnvVarsInLog = 0;
		};
		EBD17557E8AE6016505DD990 /* [CP] Embed Pods Frameworks */ = {
			isa = PBXShellScriptBuildPhase;
			buildActionMask = 2147483647;
			files = (
			);
			inputPaths = (
				"${PODS_ROOT}/Target Support Files/Pods-DataSourcerer_Tests/Pods-DataSourcerer_Tests-frameworks.sh",
				"${BUILT_PRODUCTS_DIR}/Nimble/Nimble.framework",
				"${BUILT_PRODUCTS_DIR}/Quick/Quick.framework",
				"${PODS_ROOT}/Reveal-SDK/RevealServer-19/iOS/RevealServer.framework",
			);
			name = "[CP] Embed Pods Frameworks";
			outputPaths = (
				"${TARGET_BUILD_DIR}/${FRAMEWORKS_FOLDER_PATH}/Nimble.framework",
				"${TARGET_BUILD_DIR}/${FRAMEWORKS_FOLDER_PATH}/Quick.framework",
				"${TARGET_BUILD_DIR}/${FRAMEWORKS_FOLDER_PATH}/RevealServer.framework",
			);
			runOnlyForDeploymentPostprocessing = 0;
			shellPath = /bin/sh;
			shellScript = "\"${PODS_ROOT}/Target Support Files/Pods-DataSourcerer_Tests/Pods-DataSourcerer_Tests-frameworks.sh\"\n";
			showEnvVarsInLog = 0;
		};
/* End PBXShellScriptBuildPhase section */

/* Begin PBXSourcesBuildPhase section */
		607FACCC1AFB9204008FA782 /* Sources */ = {
			isa = PBXSourcesBuildPhase;
			buildActionMask = 2147483647;
			files = (
				6FB45AA022535EA7008E78AE /* ChatBotRequest.swift in Sources */,
				6FCC264C21DA1AC2005DE711 /* PullToRefreshTableViewModel.swift in Sources */,
				6FB45A9E22535E90008E78AE /* ChatBotCell.swift in Sources */,
				6FE7794A22549979003BF625 /* NewMessagesChatBotStates.swift in Sources */,
				6F4B87A0224FA71800326BF2 /* ChatBotTableViewController.swift in Sources */,
				6F4B87D8224FAF3300326BF2 /* ChatBotTableViewModel.swift in Sources */,
				6FB45A9C22535E7A008E78AE /* ChatBotMockStorage.swift in Sources */,
				6FCC264B21DA1AC2005DE711 /* LoadingCell.swift in Sources */,
				6F850B632221E167006D6A77 /* Watchdog.swift in Sources */,
				6FE7794F22555D76003BF625 /* ChatBotIncomingMessageTableViewCell.swift in Sources */,
				6FCC264721DA1AC2005DE711 /* PublicRepo.swift in Sources */,
				607FACD61AFB9204008FA782 /* AppDelegate.swift in Sources */,
				6FB45A9822525F06008E78AE /* ChatBotTableItemModelsProducer.swift in Sources */,
				6FE7794C22549997003BF625 /* OldMessagesChatBotStates.swift in Sources */,
				6FCC264D21DA1AC2005DE711 /* APIError.swift in Sources */,
				6FB45A9A225263B3008E78AE /* ChatBotItemViewsProducer.swift in Sources */,
				6FCC265021DA336C005DE711 /* ErrorTableViewCell.swift in Sources */,
				6FB45A9622525EBA008E78AE /* ChatBotTableCellUpdateInterceptor.swift in Sources */,
				6FCC264E21DA1AC2005DE711 /* PullToRefreshTableViewController.swift in Sources */,
				6FE7794822549967003BF625 /* InitialChatBotStates.swift in Sources */,
				6F4B87DA224FB02100326BF2 /* ChatBotResponse.swift in Sources */,
			);
			runOnlyForDeploymentPostprocessing = 0;
		};
		607FACE11AFB9204008FA782 /* Sources */ = {
			isa = PBXSourcesBuildPhase;
			buildActionMask = 2147483647;
			files = (
				6FDEB2ED21D56D11005ED5C8 /* BroadcastObservableSpec.swift in Sources */,
				6FA5920C21D620E400BF4A1C /* TestStateError.swift in Sources */,
				6F55688621D9338F0055EEAE /* DatasourceOperationsSpec.swift in Sources */,
				6FA5920821D61B2000BF4A1C /* LoadImpulseEmitterSpec.swift in Sources */,
				6FA5920A21D6206F00BF4A1C /* PlainCacheDatasourceSpec.swift in Sources */,
				6FA5920E21D621B800BF4A1C /* TestStatePersister.swift in Sources */,
				6FC5BFA321D799E2003DD629 /* TestDatasource.swift in Sources */,
				6F714E9D21D78F2D003CC5C1 /* CachedDatasourceSpec.swift in Sources */,
			);
			runOnlyForDeploymentPostprocessing = 0;
		};
/* End PBXSourcesBuildPhase section */

/* Begin PBXTargetDependency section */
		607FACE71AFB9204008FA782 /* PBXTargetDependency */ = {
			isa = PBXTargetDependency;
			target = 607FACCF1AFB9204008FA782 /* DataSourcerer_Example */;
			targetProxy = 607FACE61AFB9204008FA782 /* PBXContainerItemProxy */;
		};
/* End PBXTargetDependency section */

/* Begin PBXVariantGroup section */
		607FACD91AFB9204008FA782 /* Main.storyboard */ = {
			isa = PBXVariantGroup;
			children = (
				607FACDA1AFB9204008FA782 /* Base */,
			);
			name = Main.storyboard;
			sourceTree = "<group>";
		};
		607FACDE1AFB9204008FA782 /* LaunchScreen.xib */ = {
			isa = PBXVariantGroup;
			children = (
				607FACDF1AFB9204008FA782 /* Base */,
			);
			name = LaunchScreen.xib;
			sourceTree = "<group>";
		};
/* End PBXVariantGroup section */

/* Begin XCBuildConfiguration section */
		607FACED1AFB9204008FA782 /* Debug */ = {
			isa = XCBuildConfiguration;
			buildSettings = {
				ALWAYS_SEARCH_USER_PATHS = NO;
				CLANG_CXX_LANGUAGE_STANDARD = "gnu++0x";
				CLANG_CXX_LIBRARY = "libc++";
				CLANG_ENABLE_MODULES = YES;
				CLANG_ENABLE_OBJC_ARC = YES;
				CLANG_WARN_BLOCK_CAPTURE_AUTORELEASING = YES;
				CLANG_WARN_BOOL_CONVERSION = YES;
				CLANG_WARN_COMMA = YES;
				CLANG_WARN_CONSTANT_CONVERSION = YES;
				CLANG_WARN_DEPRECATED_OBJC_IMPLEMENTATIONS = YES;
				CLANG_WARN_DIRECT_OBJC_ISA_USAGE = YES_ERROR;
				CLANG_WARN_EMPTY_BODY = YES;
				CLANG_WARN_ENUM_CONVERSION = YES;
				CLANG_WARN_INFINITE_RECURSION = YES;
				CLANG_WARN_INT_CONVERSION = YES;
				CLANG_WARN_NON_LITERAL_NULL_CONVERSION = YES;
				CLANG_WARN_OBJC_IMPLICIT_RETAIN_SELF = YES;
				CLANG_WARN_OBJC_LITERAL_CONVERSION = YES;
				CLANG_WARN_OBJC_ROOT_CLASS = YES_ERROR;
				CLANG_WARN_RANGE_LOOP_ANALYSIS = YES;
				CLANG_WARN_STRICT_PROTOTYPES = YES;
				CLANG_WARN_SUSPICIOUS_MOVE = YES;
				CLANG_WARN_UNREACHABLE_CODE = YES;
				CLANG_WARN__DUPLICATE_METHOD_MATCH = YES;
				"CODE_SIGN_IDENTITY[sdk=iphoneos*]" = "iPhone Developer";
				COPY_PHASE_STRIP = NO;
				DEBUG_INFORMATION_FORMAT = "dwarf-with-dsym";
				DEFINES_MODULE = YES;
				ENABLE_STRICT_OBJC_MSGSEND = YES;
				ENABLE_TESTABILITY = YES;
				GCC_C_LANGUAGE_STANDARD = gnu99;
				GCC_DYNAMIC_NO_PIC = NO;
				GCC_NO_COMMON_BLOCKS = YES;
				GCC_OPTIMIZATION_LEVEL = 0;
				GCC_PREPROCESSOR_DEFINITIONS = (
					"DEBUG=1",
					"$(inherited)",
				);
				GCC_SYMBOLS_PRIVATE_EXTERN = NO;
				GCC_WARN_64_TO_32_BIT_CONVERSION = YES;
				GCC_WARN_ABOUT_RETURN_TYPE = YES_ERROR;
				GCC_WARN_UNDECLARED_SELECTOR = YES;
				GCC_WARN_UNINITIALIZED_AUTOS = YES_AGGRESSIVE;
				GCC_WARN_UNUSED_FUNCTION = YES;
				GCC_WARN_UNUSED_VARIABLE = YES;
				IPHONEOS_DEPLOYMENT_TARGET = 9.3;
				MTL_ENABLE_DEBUG_INFO = YES;
				ONLY_ACTIVE_ARCH = YES;
				SDKROOT = iphoneos;
				SWIFT_OPTIMIZATION_LEVEL = "-Onone";
			};
			name = Debug;
		};
		607FACEE1AFB9204008FA782 /* Release */ = {
			isa = XCBuildConfiguration;
			buildSettings = {
				ALWAYS_SEARCH_USER_PATHS = NO;
				CLANG_CXX_LANGUAGE_STANDARD = "gnu++0x";
				CLANG_CXX_LIBRARY = "libc++";
				CLANG_ENABLE_MODULES = YES;
				CLANG_ENABLE_OBJC_ARC = YES;
				CLANG_WARN_BLOCK_CAPTURE_AUTORELEASING = YES;
				CLANG_WARN_BOOL_CONVERSION = YES;
				CLANG_WARN_COMMA = YES;
				CLANG_WARN_CONSTANT_CONVERSION = YES;
				CLANG_WARN_DEPRECATED_OBJC_IMPLEMENTATIONS = YES;
				CLANG_WARN_DIRECT_OBJC_ISA_USAGE = YES_ERROR;
				CLANG_WARN_EMPTY_BODY = YES;
				CLANG_WARN_ENUM_CONVERSION = YES;
				CLANG_WARN_INFINITE_RECURSION = YES;
				CLANG_WARN_INT_CONVERSION = YES;
				CLANG_WARN_NON_LITERAL_NULL_CONVERSION = YES;
				CLANG_WARN_OBJC_IMPLICIT_RETAIN_SELF = YES;
				CLANG_WARN_OBJC_LITERAL_CONVERSION = YES;
				CLANG_WARN_OBJC_ROOT_CLASS = YES_ERROR;
				CLANG_WARN_RANGE_LOOP_ANALYSIS = YES;
				CLANG_WARN_STRICT_PROTOTYPES = YES;
				CLANG_WARN_SUSPICIOUS_MOVE = YES;
				CLANG_WARN_UNREACHABLE_CODE = YES;
				CLANG_WARN__DUPLICATE_METHOD_MATCH = YES;
				"CODE_SIGN_IDENTITY[sdk=iphoneos*]" = "iPhone Developer";
				COPY_PHASE_STRIP = NO;
				DEBUG_INFORMATION_FORMAT = "dwarf-with-dsym";
				DEFINES_MODULE = YES;
				ENABLE_NS_ASSERTIONS = NO;
				ENABLE_STRICT_OBJC_MSGSEND = YES;
				GCC_C_LANGUAGE_STANDARD = gnu99;
				GCC_NO_COMMON_BLOCKS = YES;
				GCC_WARN_64_TO_32_BIT_CONVERSION = YES;
				GCC_WARN_ABOUT_RETURN_TYPE = YES_ERROR;
				GCC_WARN_UNDECLARED_SELECTOR = YES;
				GCC_WARN_UNINITIALIZED_AUTOS = YES_AGGRESSIVE;
				GCC_WARN_UNUSED_FUNCTION = YES;
				GCC_WARN_UNUSED_VARIABLE = YES;
				IPHONEOS_DEPLOYMENT_TARGET = 9.3;
				MTL_ENABLE_DEBUG_INFO = NO;
				SDKROOT = iphoneos;
				SWIFT_OPTIMIZATION_LEVEL = "-Owholemodule";
				VALIDATE_PRODUCT = YES;
			};
			name = Release;
		};
		607FACF01AFB9204008FA782 /* Debug */ = {
			isa = XCBuildConfiguration;
			baseConfigurationReference = C7461E507AD0FE24652D6B76 /* Pods-DataSourcerer_Example.debug.xcconfig */;
			buildSettings = {
				ASSETCATALOG_COMPILER_APPICON_NAME = AppIcon;
				DEVELOPMENT_TEAM = 6VT84VEY8S;
				INFOPLIST_FILE = DataSourcerer/Info.plist;
				IPHONEOS_DEPLOYMENT_TARGET = 10.0;
				LD_RUNPATH_SEARCH_PATHS = "$(inherited) @executable_path/Frameworks";
				MODULE_NAME = ExampleApp;
				PRODUCT_BUNDLE_IDENTIFIER = "org.cocoapods.demo.$(PRODUCT_NAME:rfc1034identifier)";
				PRODUCT_NAME = "$(TARGET_NAME)";
				SWIFT_VERSION = 4.2;
			};
			name = Debug;
		};
		607FACF11AFB9204008FA782 /* Release */ = {
			isa = XCBuildConfiguration;
			baseConfigurationReference = AF60253B6D4AE5C9DCF23DD1 /* Pods-DataSourcerer_Example.release.xcconfig */;
			buildSettings = {
				ASSETCATALOG_COMPILER_APPICON_NAME = AppIcon;
				DEVELOPMENT_TEAM = 6VT84VEY8S;
				INFOPLIST_FILE = DataSourcerer/Info.plist;
				IPHONEOS_DEPLOYMENT_TARGET = 10.0;
				LD_RUNPATH_SEARCH_PATHS = "$(inherited) @executable_path/Frameworks";
				MODULE_NAME = ExampleApp;
				PRODUCT_BUNDLE_IDENTIFIER = "org.cocoapods.demo.$(PRODUCT_NAME:rfc1034identifier)";
				PRODUCT_NAME = "$(TARGET_NAME)";
				SWIFT_VERSION = 4.2;
			};
			name = Release;
		};
		607FACF31AFB9204008FA782 /* Debug */ = {
			isa = XCBuildConfiguration;
			baseConfigurationReference = 23CCB1F09D40C8E91B2D0820 /* Pods-DataSourcerer_Tests.debug.xcconfig */;
			buildSettings = {
				FRAMEWORK_SEARCH_PATHS = (
					"$(SDKROOT)/Developer/Library/Frameworks",
					"$(inherited)",
				);
				GCC_PREPROCESSOR_DEFINITIONS = (
					"DEBUG=1",
					"$(inherited)",
				);
				INFOPLIST_FILE = Tests/Info.plist;
				LD_RUNPATH_SEARCH_PATHS = "$(inherited) @executable_path/Frameworks @loader_path/Frameworks";
				PRODUCT_BUNDLE_IDENTIFIER = "org.cocoapods.$(PRODUCT_NAME:rfc1034identifier)";
				PRODUCT_NAME = "$(TARGET_NAME)";
				SWIFT_SWIFT3_OBJC_INFERENCE = Default;
				SWIFT_VERSION = 4.0;
				TEST_HOST = "$(BUILT_PRODUCTS_DIR)/DataSourcerer_Example.app/DataSourcerer_Example";
			};
			name = Debug;
		};
		607FACF41AFB9204008FA782 /* Release */ = {
			isa = XCBuildConfiguration;
			baseConfigurationReference = BC79CBD8A5C9E2D4BEF42D16 /* Pods-DataSourcerer_Tests.release.xcconfig */;
			buildSettings = {
				FRAMEWORK_SEARCH_PATHS = (
					"$(SDKROOT)/Developer/Library/Frameworks",
					"$(inherited)",
				);
				INFOPLIST_FILE = Tests/Info.plist;
				LD_RUNPATH_SEARCH_PATHS = "$(inherited) @executable_path/Frameworks @loader_path/Frameworks";
				PRODUCT_BUNDLE_IDENTIFIER = "org.cocoapods.$(PRODUCT_NAME:rfc1034identifier)";
				PRODUCT_NAME = "$(TARGET_NAME)";
				SWIFT_SWIFT3_OBJC_INFERENCE = Default;
				SWIFT_VERSION = 4.0;
				TEST_HOST = "$(BUILT_PRODUCTS_DIR)/DataSourcerer_Example.app/DataSourcerer_Example";
			};
			name = Release;
		};
/* End XCBuildConfiguration section */

/* Begin XCConfigurationList section */
		607FACCB1AFB9204008FA782 /* Build configuration list for PBXProject "DataSourcerer" */ = {
			isa = XCConfigurationList;
			buildConfigurations = (
				607FACED1AFB9204008FA782 /* Debug */,
				607FACEE1AFB9204008FA782 /* Release */,
			);
			defaultConfigurationIsVisible = 0;
			defaultConfigurationName = Release;
		};
		607FACEF1AFB9204008FA782 /* Build configuration list for PBXNativeTarget "DataSourcerer_Example" */ = {
			isa = XCConfigurationList;
			buildConfigurations = (
				607FACF01AFB9204008FA782 /* Debug */,
				607FACF11AFB9204008FA782 /* Release */,
			);
			defaultConfigurationIsVisible = 0;
			defaultConfigurationName = Release;
		};
		607FACF21AFB9204008FA782 /* Build configuration list for PBXNativeTarget "DataSourcerer_Tests" */ = {
			isa = XCConfigurationList;
			buildConfigurations = (
				607FACF31AFB9204008FA782 /* Debug */,
				607FACF41AFB9204008FA782 /* Release */,
			);
			defaultConfigurationIsVisible = 0;
			defaultConfigurationName = Release;
		};
/* End XCConfigurationList section */
	};
	rootObject = 607FACC81AFB9204008FA782 /* Project object */;
}
